{
  "version": 4,
  "terraform_version": "1.10.2",
  "serial": 2,
  "lineage": "117f67e4-fb3d-9228-e3c1-8a04b1de3edc",
  "outputs": {
    "resource_group_id": {
      "value": "/subscriptions/5ea770fb-8b0d-4e83-9899-f2279735e821/resourceGroups/rg-demo",
      "type": "string"
    },
    "resource_group_location": {
      "value": "eastus",
      "type": "string"
    },
    "resource_group_name": {
      "value": "rg-demo",
      "type": "string"
    }
  },
  "resources": [
    {
      "module": "module.resource_group",
      "mode": "managed",
      "type": "azurerm_resource_group",
      "name": "main",
      "provider": "provider[\"registry.terraform.io/hashicorp/azurerm\"]",
      "instances": [
        {
          "schema_version": 0,
          "attributes": {
            "id": "/subscriptions/5ea770fb-8b0d-4e83-9899-f2279735e821/resourceGroups/rg-demo",
            "location": "eastus",
            "managed_by": "",
            "name": "rg-demo",
            "tags": null,
            "timeouts": null
          },
          "sensitive_attributes": [],
          "private": "eyJlMmJmYjczMC1lY2FhLTExZTYtOGY4OC0zNDM2M2JjN2M0YzAiOnsiY3JlYXRlIjo1NDAwMDAwMDAwMDAwLCJkZWxldGUiOjU0MDAwMDAwMDAwMDAsInJlYWQiOjMwMDAwMDAwMDAwMCwidXBkYXRlIjo1NDAwMDAwMDAwMDAwfX0="
        }
      ]
    }
  ],
  "check_results": null
}
